Microsoft Visual Studio Solution File, Format Version 12.00
# Visual Studio Version 17
VisualStudioVersion = 17.1.32319.34
MinimumVisualStudioVersion = 10.0.40219.1
Project("{9A19103F-16F7-4668-BE54-9A1E7A4F7556}") = "DocSharp", "DocSharp\DocSharp.csproj", "{CE570FC8-BBF4-44D4-9C56-B33D3B5A63B9}"
EndProject
Global
	GlobalSection(SolutionConfigurationPlatforms) = preSolution
		Debug|Any CPU = Debug|Any CPU
		Release|Any CPU = Release|Any CPU
	EndGlobalSection
	GlobalSection(ProjectConfigurationPlatforms) = postSolution
		{CE570FC8-BBF4-44D4-9C56-B33D3B5A63B9}.Debug|Any CPU.ActiveCfg = Debug|Any CPU
		{CE570FC8-BBF4-44D4-9C56-B33D3B5A63B9}.Debug|Any CPU.Build.0 = Debug|Any CPU
		{CE570FC8-BBF4-44D4-9C56-B33D3B5A63B9}.Release|Any CPU.ActiveCfg = Release|Any CPU
		{CE570FC8-BBF4-44D4-9C56-B33D3B5A63B9}.Release|Any CPU.Build.0 = Release|Any CPU
	EndGlobalSection
	GlobalSection(SolutionProperties) = preSolution
		HideSolutionNode = FALSE
	EndGlobalSection
	GlobalSection(ExtensibilityGlobals) = postSolution
		SolutionGuid = {30C0CDF4-5B84-46A3-AFCE-7172C32A6B5E}
	EndGlobalSection
EndGlobal
